
Microsoft Visual Studio Solution File, Format Version 12.00
# Visual Studio Version 16
VisualStudioVersion = 16.0.808.4
MinimumVisualStudioVersion = 10.0.40219.1
Project("{FAE04EC0-301F-11D3-BF4B-00C04F79EFBC}") = "PizzaMenu", "PizzaMenu\PizzaMenu.csproj", "{4EAE633F-9962-454A-A6F7-1EE22688F94A}"
EndProject
Project("{FAE04EC0-301F-11D3-BF4B-00C04F79EFBC}") = "PizzaMenuTests", "PizzaMenuTests\PizzaMenuTests.csproj", "{A4413B61-0A19-41E4-8A1F-448C78B9FFBE}"
EndProject
Global
	GlobalSection(SolutionConfigurationPlatforms) = preSolution
		Debug|Any CPU = Debug|Any CPU
		Release|Any CPU = Release|Any CPU
	EndGlobalSection
	GlobalSection(ProjectConfigurationPlatforms) = postSolution
		{4EAE633F-9962-454A-A6F7-1EE22688F94A}.Debug|Any CPU.ActiveCfg = Debug|Any CPU
		{4EAE633F-9962-454A-A6F7-1EE22688F94A}.Debug|Any CPU.Build.0 = Debug|Any CPU
		{4EAE633F-9962-454A-A6F7-1EE22688F94A}.Release|Any CPU.ActiveCfg = Release|Any CPU
		{4EAE633F-9962-454A-A6F7-1EE22688F94A}.Release|Any CPU.Build.0 = Release|Any CPU
		{A4413B61-0A19-41E4-8A1F-448C78B9FFBE}.Debug|Any CPU.ActiveCfg = Debug|Any CPU
		{A4413B61-0A19-41E4-8A1F-448C78B9FFBE}.Debug|Any CPU.Build.0 = Debug|Any CPU
		{A4413B61-0A19-41E4-8A1F-448C78B9FFBE}.Release|Any CPU.ActiveCfg = Release|Any CPU
		{A4413B61-0A19-41E4-8A1F-448C78B9FFBE}.Release|Any CPU.Build.0 = Release|Any CPU
	EndGlobalSection
	GlobalSection(SolutionProperties) = preSolution
		HideSolutionNode = FALSE
	EndGlobalSection
	GlobalSection(ExtensibilityGlobals) = postSolution
		SolutionGuid = {8D1C62B0-1076-489A-9325-430FF98ABB7C}
	EndGlobalSection
EndGlobal
